
Microsoft Visual Studio Solution File, Format Version 12.00
# Visual Studio Version 17
VisualStudioVersion = 17.4.33213.308
MinimumVisualStudioVersion = 10.0.40219.1
Project("{FAE04EC0-301F-11D3-BF4B-00C04F79EFBC}") = "Login-Register", "Login-Register\Login-Register.csproj", "{B46D7DA0-8929-4026-A502-6FEB76F0E3BC}"
EndProject
Global
	GlobalSection(SolutionConfigurationPlatforms) = preSolution
		Debug|Any CPU = Debug|Any CPU
		Release|Any CPU = Release|Any CPU
	EndGlobalSection
	GlobalSection(ProjectConfigurationPlatforms) = postSolution
		{B46D7DA0-8929-4026-A502-6FEB76F0E3BC}.Debug|Any CPU.ActiveCfg = Debug|Any CPU
		{B46D7DA0-8929-4026-A502-6FEB76F0E3BC}.Debug|Any CPU.Build.0 = Debug|Any CPU
		{B46D7DA0-8929-4026-A502-6FEB76F0E3BC}.Release|Any CPU.ActiveCfg = Release|Any CPU
		{B46D7DA0-8929-4026-A502-6FEB76F0E3BC}.Release|Any CPU.Build.0 = Release|Any CPU
	EndGlobalSection
	GlobalSection(SolutionProperties) = preSolution
		HideSolutionNode = FALSE
	EndGlobalSection
	GlobalSection(ExtensibilityGlobals) = postSolution
		SolutionGuid = {4D60F1ED-D9CD-4265-8CBB-2B1446A4C1D9}
	EndGlobalSection
EndGlobal
